
Microsoft Visual Studio Solution File, Format Version 12.00
# Visual Studio Version 17
VisualStudioVersion = 17.3.32901.215
MinimumVisualStudioVersion = 10.0.40219.1
Project("{9A19103F-16F7-4668-BE54-9A1E7A4F7556}") = "FoodShop", "FoodShop\FoodShop.csproj", "{072A3E24-76D9-411B-81A0-9BA3BD9F3DA0}"
EndProject
Project("{9A19103F-16F7-4668-BE54-9A1E7A4F7556}") = "FoodShopTests", "FoodShopTests\FoodShopTests.csproj", "{3A0D9B56-7B98-4E8A-95FE-A9D7A64FC434}"
EndProject
Global
	GlobalSection(SolutionConfigurationPlatforms) = preSolution
		Debug|Any CPU = Debug|Any CPU
		Release|Any CPU = Release|Any CPU
	EndGlobalSection
	GlobalSection(ProjectConfigurationPlatforms) = postSolution
		{072A3E24-76D9-411B-81A0-9BA3BD9F3DA0}.Debug|Any CPU.ActiveCfg = Debug|Any CPU
		{072A3E24-76D9-411B-81A0-9BA3BD9F3DA0}.Debug|Any CPU.Build.0 = Debug|Any CPU
		{072A3E24-76D9-411B-81A0-9BA3BD9F3DA0}.Release|Any CPU.ActiveCfg = Release|Any CPU
		{072A3E24-76D9-411B-81A0-9BA3BD9F3DA0}.Release|Any CPU.Build.0 = Release|Any CPU
		{3A0D9B56-7B98-4E8A-95FE-A9D7A64FC434}.Debug|Any CPU.ActiveCfg = Debug|Any CPU
		{3A0D9B56-7B98-4E8A-95FE-A9D7A64FC434}.Debug|Any CPU.Build.0 = Debug|Any CPU
		{3A0D9B56-7B98-4E8A-95FE-A9D7A64FC434}.Release|Any CPU.ActiveCfg = Release|Any CPU
		{3A0D9B56-7B98-4E8A-95FE-A9D7A64FC434}.Release|Any CPU.Build.0 = Release|Any CPU
	EndGlobalSection
	GlobalSection(SolutionProperties) = preSolution
		HideSolutionNode = FALSE
	EndGlobalSection
	GlobalSection(ExtensibilityGlobals) = postSolution
		SolutionGuid = {1F436E98-41AA-4785-856D-DBCDEB3FF456}
	EndGlobalSection
EndGlobal
